// !$*UTF8*$!
{
	archiveVersion = 1;
	classes = {
	};
	objectVersion = 46;
	objects = {

/* Begin PBXBuildFile section */
		DB00660A1ABCCC38008D4ED3 /* GameScene.sks in Resources */ = {isa = PBXBuildFile; fileRef = DB0066091ABCCC38008D4ED3 /* GameScene.sks */; };
		DB2E843D1AAD338D0009E321 /* AppDelegate.swift in Sources */ = {isa = PBXBuildFile; fileRef = DB2E843C1AAD338D0009E321 /* AppDelegate.swift */; };
		DB2E84411AAD338D0009E321 /* GameScene.swift in Sources */ = {isa = PBXBuildFile; fileRef = DB2E84401AAD338D0009E321 /* GameScene.swift */; };
		DB2E84431AAD338D0009E321 /* GameViewController.swift in Sources */ = {isa = PBXBuildFile; fileRef = DB2E84421AAD338D0009E321 /* GameViewController.swift */; };
		DB2E84481AAD338D0009E321 /* Images.xcassets in Resources */ = {isa = PBXBuildFile; fileRef = DB2E84471AAD338D0009E321 /* Images.xcassets */; };
		DB2E84571AAD338E0009E321 /* Arcade_Car_RaceTests.swift in Sources */ = {isa = PBXBuildFile; fileRef = DB2E84561AAD338E0009E321 /* Arcade_Car_RaceTests.swift */; };
		DB4028781ABCA9C600263C3D /* Configs.swift in Sources */ = {isa = PBXBuildFile; fileRef = DB4028771ABCA9C600263C3D /* Configs.swift */; };
		DB40287A1ABCAEAB00263C3D /* Trace.swift in Sources */ = {isa = PBXBuildFile; fileRef = DB4028791ABCAEAB00263C3D /* Trace.swift */; };
		DB480D111AAE83C7001695E1 /* Extensions.swift in Sources */ = {isa = PBXBuildFile; fileRef = DB480D101AAE83C7001695E1 /* Extensions.swift */; };
		DB54AA181AB7F63D00E57FF5 /* Utils.swift in Sources */ = {isa = PBXBuildFile; fileRef = DB54AA171AB7F63D00E57FF5 /* Utils.swift */; };
/* End PBXBuildFile section */

/* Begin PBXContainerItemProxy section */
		DB2E84511AAD338E0009E321 /* PBXContainerItemProxy */ = {
			isa = PBXContainerItemProxy;
			containerPortal = DB2E842F1AAD338D0009E321 /* Project object */;
			proxyType = 1;
			remoteGlobalIDString = DB2E84361AAD338D0009E321;
			remoteInfo = "Arcade Car Race";
		};
/* End PBXContainerItemProxy section */

/* Begin PBXFileReference section */
		DB0066091ABCCC38008D4ED3 /* GameScene.sks */ = {isa = PBXFileReference; lastKnownFileType = file.sks; name = GameScene.sks; path = "Arcade Car Race/GameScene.sks"; sourceTree = "<group>"; };
		DB2E84371AAD338D0009E321 /* Arcade Car Race.app */ = {isa = PBXFileReference; explicitFileType = wrapper.application; includeInIndex = 0; path = "Arcade Car Race.app"; sourceTree = BUILT_PRODUCTS_DIR; };
		DB2E843B1AAD338D0009E321 /* Info.plist */ = {isa = PBXFileReference; lastKnownFileType = text.plist.xml; path = Info.plist; sourceTree = "<group>"; };
		DB2E843C1AAD338D0009E321 /* AppDelegate.swift */ = {isa = PBXFileReference; lastKnownFileType = sourcecode.swift; path = AppDelegate.swift; sourceTree = "<group>"; };
		DB2E84401AAD338D0009E321 /* GameScene.swift */ = {isa = PBXFileReference; lastKnownFileType = sourcecode.swift; path = GameScene.swift; sourceTree = "<group>"; };
		DB2E84421AAD338D0009E321 /* GameViewController.swift */ = {isa = PBXFileReference; lastKnownFileType = sourcecode.swift; path = GameViewController.swift; sourceTree = "<group>"; };
		DB2E84471AAD338D0009E321 /* Images.xcassets */ = {isa = PBXFileReference; lastKnownFileType = folder.assetcatalog; path = Images.xcassets; sourceTree = "<group>"; };
		DB2E84501AAD338E0009E321 /* Arcade Car RaceTests.xctest */ = {isa = PBXFileReference; explicitFileType = wrapper.cfbundle; includeInIndex = 0; path = "Arcade Car RaceTests.xctest"; sourceTree = BUILT_PRODUCTS_DIR; };
		DB2E84551AAD338E0009E321 /* Info.plist */ = {isa = PBXFileReference; lastKnownFileType = text.plist.xml; path = Info.plist; sourceTree = "<group>"; };
		DB2E84561AAD338E0009E321 /* Arcade_Car_RaceTests.swift */ = {isa = PBXFileReference; lastKnownFileType = sourcecode.swift; path = Arcade_Car_RaceTests.swift; sourceTree = "<group>"; };
		DB4028771ABCA9C600263C3D /* Configs.swift */ = {isa = PBXFileReference; fileEncoding = 4; lastKnownFileType = sourcecode.swift; path = Configs.swift; sourceTree = "<group>"; };
		DB4028791ABCAEAB00263C3D /* Trace.swift */ = {isa = PBXFileReference; fileEncoding = 4; lastKnownFileType = sourcecode.swift; path = Trace.swift; sourceTree = "<group>"; };
		DB480D101AAE83C7001695E1 /* Extensions.swift */ = {isa = PBXFileReference; fileEncoding = 4; lastKnownFileType = sourcecode.swift; path = Extensions.swift; sourceTree = "<group>"; };
		DB54AA171AB7F63D00E57FF5 /* Utils.swift */ = {isa = PBXFileReference; fileEncoding = 4; lastKnownFileType = sourcecode.swift; path = Utils.swift; sourceTree = "<group>"; };
/* End PBXFileReference section */

/* Begin PBXFrameworksBuildPhase section */
		DB2E84341AAD338D0009E321 /* Frameworks */ = {
			isa = PBXFrameworksBuildPhase;
			buildActionMask = 2147483647;
			files = (
			);
			runOnlyForDeploymentPostprocessing = 0;
		};
		DB2E844D1AAD338E0009E321 /* Frameworks */ = {
			isa = PBXFrameworksBuildPhase;
			buildActionMask = 2147483647;
			files = (
			);
			runOnlyForDeploymentPostprocessing = 0;
		};
/* End PBXFrameworksBuildPhase section */

/* Begin PBXGroup section */
		DB2E842E1AAD338D0009E321 = {
			isa = PBXGroup;
			children = (
				DB0066091ABCCC38008D4ED3 /* GameScene.sks */,
				DB480D0F1AAE83C7001695E1 /* Extensions */,
				DB2E84391AAD338D0009E321 /* Arcade Car Race */,
				DB2E84531AAD338E0009E321 /* Arcade Car RaceTests */,
				DB2E84381AAD338D0009E321 /* Products */,
			);
			sourceTree = "<group>";
		};
		DB2E84381AAD338D0009E321 /* Products */ = {
			isa = PBXGroup;
			children = (
				DB2E84371AAD338D0009E321 /* Arcade Car Race.app */,
				DB2E84501AAD338E0009E321 /* Arcade Car RaceTests.xctest */,
			);
			name = Products;
			sourceTree = "<group>";
		};
		DB2E84391AAD338D0009E321 /* Arcade Car Race */ = {
			isa = PBXGroup;
			children = (
				DB2E843C1AAD338D0009E321 /* AppDelegate.swift */,
				DB2E84401AAD338D0009E321 /* GameScene.swift */,
				DB2E84421AAD338D0009E321 /* GameViewController.swift */,
				DB2E84471AAD338D0009E321 /* Images.xcassets */,
				DB2E843A1AAD338D0009E321 /* Supporting Files */,
			);
			path = "Arcade Car Race";
			sourceTree = "<group>";
		};
		DB2E843A1AAD338D0009E321 /* Supporting Files */ = {
			isa = PBXGroup;
			children = (
				DB2E843B1AAD338D0009E321 /* Info.plist */,
			);
			name = "Supporting Files";
			sourceTree = "<group>";
		};
		DB2E84531AAD338E0009E321 /* Arcade Car RaceTests */ = {
			isa = PBXGroup;
			children = (
				DB2E84561AAD338E0009E321 /* Arcade_Car_RaceTests.swift */,
				DB2E84541AAD338E0009E321 /* Supporting Files */,
			);
			path = "Arcade Car RaceTests";
			sourceTree = "<group>";
		};
		DB2E84541AAD338E0009E321 /* Supporting Files */ = {
			isa = PBXGroup;
			children = (
				DB2E84551AAD338E0009E321 /* Info.plist */,
			);
			name = "Supporting Files";
			sourceTree = "<group>";
		};
		DB480D0F1AAE83C7001695E1 /* Extensions */ = {
			isa = PBXGroup;
			children = (
				DB480D101AAE83C7001695E1 /* Extensions.swift */,
				DB54AA171AB7F63D00E57FF5 /* Utils.swift */,
				DB4028771ABCA9C600263C3D /* Configs.swift */,
				DB4028791ABCAEAB00263C3D /* Trace.swift */,
			);
			name = Extensions;
			path = "Arcade Car Race/Extensions";
			sourceTree = "<group>";
		};
/* End PBXGroup section */

/* Begin PBXNativeTarget section */
		DB2E84361AAD338D0009E321 /* Arcade Car Race */ = {
			isa = PBXNativeTarget;
			buildConfigurationList = DB2E845A1AAD338E0009E321 /* Build configuration list for PBXNativeTarget "Arcade Car Race" */;
			buildPhases = (
				DB2E84331AAD338D0009E321 /* Sources */,
				DB2E84341AAD338D0009E321 /* Frameworks */,
				DB2E84351AAD338D0009E321 /* Resources */,
			);
			buildRules = (
			);
			dependencies = (
			);
			name = "Arcade Car Race";
			productName = "Arcade Car Race";
			productReference = DB2E84371AAD338D0009E321 /* Arcade Car Race.app */;
			productType = "com.apple.product-type.application";
		};
		DB2E844F1AAD338E0009E321 /* Arcade Car RaceTests */ = {
			isa = PBXNativeTarget;
			buildConfigurationList = DB2E845D1AAD338E0009E321 /* Build configuration list for PBXNativeTarget "Arcade Car RaceTests" */;
			buildPhases = (
				DB2E844C1AAD338E0009E321 /* Sources */,
				DB2E844D1AAD338E0009E321 /* Frameworks */,
				DB2E844E1AAD338E0009E321 /* Resources */,
			);
			buildRules = (
			);
			dependencies = (
				DB2E84521AAD338E0009E321 /* PBXTargetDependency */,
			);
			name = "Arcade Car RaceTests";
			productName = "Arcade Car RaceTests";
			productReference = DB2E84501AAD338E0009E321 /* Arcade Car RaceTests.xctest */;
			productType = "com.apple.product-type.bundle.unit-test";
		};
/* End PBXNativeTarget section */

/* Begin PBXProject section */
		DB2E842F1AAD338D0009E321 /* Project object */ = {
			isa = PBXProject;
			attributes = {
				LastUpgradeCheck = 0610;
				ORGANIZATIONNAME = "Alex Ongarato";
				TargetAttributes = {
					DB2E84361AAD338D0009E321 = {
						CreatedOnToolsVersion = 6.1.1;
					};
					DB2E844F1AAD338E0009E321 = {
						CreatedOnToolsVersion = 6.1.1;
						TestTargetID = DB2E84361AAD338D0009E321;
					};
				};
			};
			buildConfigurationList = DB2E84321AAD338D0009E321 /* Build configuration list for PBXProject "Arcade Car Race" */;
			compatibilityVersion = "Xcode 3.2";
			developmentRegion = English;
			hasScannedForEncodings = 0;
			knownRegions = (
				en,
				Base,
			);
			mainGroup = DB2E842E1AAD338D0009E321;
			productRefGroup = DB2E84381AAD338D0009E321 /* Products */;
			projectDirPath = "";
			projectRoot = "";
			targets = (
				DB2E84361AAD338D0009E321 /* Arcade Car Race */,
				DB2E844F1AAD338E0009E321 /* Arcade Car RaceTests */,
			);
		};
/* End PBXProject section */

/* Begin PBXResourcesBuildPhase section */
		DB2E84351AAD338D0009E321 /* Resources */ = {
			isa = PBXResourcesBuildPhase;
			buildActionMask = 2147483647;
			files = (
				DB00660A1ABCCC38008D4ED3 /* GameScene.sks in Resources */,
				DB2E84481AAD338D0009E321 /* Images.xcassets in Resources */,
			);
			runOnlyForDeploymentPostprocessing = 0;
		};
		DB2E844E1AAD338E0009E321 /* Resources */ = {
			isa = PBXResourcesBuildPhase;
			buildActionMask = 2147483647;
			files = (
			);
			runOnlyForDeploymentPostprocessing = 0;
		};
/* End PBXResourcesBuildPhase section */

/* Begin PBXSourcesBuildPhase section */
		DB2E84331AAD338D0009E321 /* Sources */ = {
			isa = PBXSourcesBuildPhase;
			buildActionMask = 2147483647;
			files = (
				DB54AA181AB7F63D00E57FF5 /* Utils.swift in Sources */,
				DB2E84411AAD338D0009E321 /* GameScene.swift in Sources */,
				DB2E84431AAD338D0009E321 /* GameViewController.swift in Sources */,
				DB2E843D1AAD338D0009E321 /* AppDelegate.swift in Sources */,
				DB40287A1ABCAEAB00263C3D /* Trace.swift in Sources */,
				DB480D111AAE83C7001695E1 /* Extensions.swift in Sources */,
				DB4028781ABCA9C600263C3D /* Configs.swift in Sources */,
			);
			runOnlyForDeploymentPostprocessing = 0;
		};
		DB2E844C1AAD338E0009E321 /* Sources */ = {
			isa = PBXSourcesBuildPhase;
			buildActionMask = 2147483647;
			files = (
				DB2E84571AAD338E0009E321 /* Arcade_Car_RaceTests.swift in Sources */,
			);
			runOnlyForDeploymentPostprocessing = 0;
		};
/* End PBXSourcesBuildPhase section */

/* Begin PBXTargetDependency section */
		DB2E84521AAD338E0009E321 /* PBXTargetDependency */ = {
			isa = PBXTargetDependency;
			target = DB2E84361AAD338D0009E321 /* Arcade Car Race */;
			targetProxy = DB2E84511AAD338E0009E321 /* PBXContainerItemProxy */;
		};
/* End PBXTargetDependency section */

/* Begin XCBuildConfiguration section */
		DB2E84581AAD338E0009E321 /* Debug */ = {
			isa = XCBuildConfiguration;
			buildSettings = {
				ALWAYS_SEARCH_USER_PATHS = NO;
				CLANG_CXX_LANGUAGE_STANDARD = "gnu++0x";
				CLANG_CXX_LIBRARY = "libc++";
				CLANG_ENABLE_MODULES = YES;
				CLANG_ENABLE_OBJC_ARC = YES;
				CLANG_WARN_BOOL_CONVERSION = YES;
				CLANG_WARN_CONSTANT_CONVERSION = YES;
				CLANG_WARN_DIRECT_OBJC_ISA_USAGE = YES_ERROR;
				CLANG_WARN_EMPTY_BODY = YES;
				CLANG_WARN_ENUM_CONVERSION = YES;
				CLANG_WARN_INT_CONVERSION = YES;
				CLANG_WARN_OBJC_ROOT_CLASS = YES_ERROR;
				CLANG_WARN_UNREACHABLE_CODE = YES;
				CLANG_WARN__DUPLICATE_METHOD_MATCH = YES;
				"CODE_SIGN_IDENTITY[sdk=iphoneos*]" = "iPhone Developer";
				COPY_PHASE_STRIP = NO;
				ENABLE_STRICT_OBJC_MSGSEND = YES;
				GCC_C_LANGUAGE_STANDARD = gnu99;
				GCC_DYNAMIC_NO_PIC = NO;
				GCC_OPTIMIZATION_LEVEL = 0;
				GCC_PREPROCESSOR_DEFINITIONS = (
					"DEBUG=1",
					"$(inherited)",
				);
				GCC_SYMBOLS_PRIVATE_EXTERN = NO;
				GCC_WARN_64_TO_32_BIT_CONVERSION = YES;
				GCC_WARN_ABOUT_RETURN_TYPE = YES_ERROR;
				GCC_WARN_UNDECLARED_SELECTOR = YES;
				GCC_WARN_UNINITIALIZED_AUTOS = YES_AGGRESSIVE;
				GCC_WARN_UNUSED_FUNCTION = YES;
				GCC_WARN_UNUSED_VARIABLE = YES;
				IPHONEOS_DEPLOYMENT_TARGET = 8.1;
				MTL_ENABLE_DEBUG_INFO = YES;
				ONLY_ACTIVE_ARCH = YES;
				SDKROOT = iphoneos;
				SWIFT_OPTIMIZATION_LEVEL = "-Onone";
				TARGETED_DEVICE_FAMILY = "1,2";
			};
			name = Debug;
		};
		DB2E84591AAD338E0009E321 /* Release */ = {
			isa = XCBuildConfiguration;
			buildSettings = {
				ALWAYS_SEARCH_USER_PATHS = NO;
				CLANG_CXX_LANGUAGE_STANDARD = "gnu++0x";
				CLANG_CXX_LIBRARY = "libc++";
				CLANG_ENABLE_MODULES = YES;
				CLANG_ENABLE_OBJC_ARC = YES;
				CLANG_WARN_BOOL_CONVERSION = YES;
				CLANG_WARN_CONSTANT_CONVERSION = YES;
				CLANG_WARN_DIRECT_OBJC_ISA_USAGE = YES_ERROR;
				CLANG_WARN_EMPTY_BODY = YES;
				CLANG_WARN_ENUM_CONVERSION = YES;
				CLANG_WARN_INT_CONVERSION = YES;
				CLANG_WARN_OBJC_ROOT_CLASS = YES_ERROR;
				CLANG_WARN_UNREACHABLE_CODE = YES;
				CLANG_WARN__DUPLICATE_METHOD_MATCH = YES;
				"CODE_SIGN_IDENTITY[sdk=iphoneos*]" = "iPhone Developer";
				COPY_PHASE_STRIP = YES;
				ENABLE_NS_ASSERTIONS = NO;
				ENABLE_STRICT_OBJC_MSGSEND = YES;
				GCC_C_LANGUAGE_STANDARD = gnu99;
				GCC_WARN_64_TO_32_BIT_CONVERSION = YES;
				GCC_WARN_ABOUT_RETURN_TYPE = YES_ERROR;
				GCC_WARN_UNDECLARED_SELECTOR = YES;
				GCC_WARN_UNINITIALIZED_AUTOS = YES_AGGRESSIVE;
				GCC_WARN_UNUSED_FUNCTION = YES;
				GCC_WARN_UNUSED_VARIABLE = YES;
				IPHONEOS_DEPLOYMENT_TARGET = 8.1;
				MTL_ENABLE_DEBUG_INFO = NO;
				SDKROOT = iphoneos;
				TARGETED_DEVICE_FAMILY = "1,2";
				VALIDATE_PRODUCT = YES;
			};
			name = Release;
		};
		DB2E845B1AAD338E0009E321 /* Debug */ = {
			isa = XCBuildConfiguration;
			buildSettings = {
				ASSETCATALOG_COMPILER_APPICON_NAME = AppIcon;
				ASSETCATALOG_COMPILER_LAUNCHIMAGE_NAME = LaunchImage;
				CLANG_ENABLE_MODULES = YES;
				INFOPLIST_FILE = "Arcade Car Race/Info.plist";
				IPHONEOS_DEPLOYMENT_TARGET = 7.0;
				LD_RUNPATH_SEARCH_PATHS = "$(inherited) @executable_path/Frameworks";
				PRODUCT_NAME = "$(TARGET_NAME)";
				SWIFT_INSTALL_OBJC_HEADER = NO;
				SWIFT_OPTIMIZATION_LEVEL = "-Onone";
				TARGETED_DEVICE_FAMILY = 1;
			};
			name = Debug;
		};
		DB2E845C1AAD338E0009E321 /* Release */ = {
			isa = XCBuildConfiguration;
			buildSettings = {
				ASSETCATALOG_COMPILER_APPICON_NAME = AppIcon;
				ASSETCATALOG_COMPILER_LAUNCHIMAGE_NAME = LaunchImage;
				CLANG_ENABLE_MODULES = YES;
				INFOPLIST_FILE = "Arcade Car Race/Info.plist";
				IPHONEOS_DEPLOYMENT_TARGET = 7.0;
				LD_RUNPATH_SEARCH_PATHS = "$(inherited) @executable_path/Frameworks";
				PRODUCT_NAME = "$(TARGET_NAME)";
				SWIFT_INSTALL_OBJC_HEADER = NO;
				TARGETED_DEVICE_FAMILY = 1;
			};
			name = Release;
		};
		DB2E845E1AAD338E0009E321 /* Debug */ = {
			isa = XCBuildConfiguration;
			buildSettings = {
				BUNDLE_LOADER = "$(TEST_HOST)";
				FRAMEWORK_SEARCH_PATHS = (
					"$(SDKROOT)/Developer/Library/Frameworks",
					"$(inherited)",
				);
				GCC_PREPROCESSOR_DEFINITIONS = (
					"DEBUG=1",
					"$(inherited)",
				);
				INFOPLIST_FILE = "Arcade Car RaceTests/Info.plist";
				LD_RUNPATH_SEARCH_PATHS = "$(inherited) @executable_path/Frameworks @loader_path/Frameworks";
				PRODUCT_NAME = "$(TARGET_NAME)";
				TEST_HOST = "$(BUILT_PRODUCTS_DIR)/Arcade Car Race.app/Arcade Car Race";
			};
			name = Debug;
		};
		DB2E845F1AAD338E0009E321 /* Release */ = {
			isa = XCBuildConfiguration;
			buildSettings = {
				BUNDLE_LOADER = "$(TEST_HOST)";
				FRAMEWORK_SEARCH_PATHS = (
					"$(SDKROOT)/Developer/Library/Frameworks",
					"$(inherited)",
				);
				INFOPLIST_FILE = "Arcade Car RaceTests/Info.plist";
				LD_RUNPATH_SEARCH_PATHS = "$(inherited) @executable_path/Frameworks @loader_path/Frameworks";
				PRODUCT_NAME = "$(TARGET_NAME)";
				TEST_HOST = "$(BUILT_PRODUCTS_DIR)/Arcade Car Race.app/Arcade Car Race";
			};
			name = Release;
		};
/* End XCBuildConfiguration section */

/* Begin XCConfigurationList section */
		DB2E84321AAD338D0009E321 /* Build configuration list for PBXProject "Arcade Car Race" */ = {
			isa = XCConfigurationList;
			buildConfigurations = (
				DB2E84581AAD338E0009E321 /* Debug */,
				DB2E84591AAD338E0009E321 /* Release */,
			);
			defaultConfigurationIsVisible = 0;
			defaultConfigurationName = Release;
		};
		DB2E845A1AAD338E0009E321 /* Build configuration list for PBXNativeTarget "Arcade Car Race" */ = {
			isa = XCConfigurationList;
			buildConfigurations = (
				DB2E845B1AAD338E0009E321 /* Debug */,
				DB2E845C1AAD338E0009E321 /* Release */,
			);
			defaultConfigurationIsVisible = 0;
			defaultConfigurationName = Release;
		};
		DB2E845D1AAD338E0009E321 /* Build configuration list for PBXNativeTarget "Arcade Car RaceTests" */ = {
			isa = XCConfigurationList;
			buildConfigurations = (
				DB2E845E1AAD338E0009E321 /* Debug */,
				DB2E845F1AAD338E0009E321 /* Release */,
			);
			defaultConfigurationIsVisible = 0;
			defaultConfigurationName = Release;
		};
/* End XCConfigurationList section */
	};
	rootObject = DB2E842F1AAD338D0009E321 /* Project object */;
}
