// !$*UTF8*$!
{
	archiveVersion = 1;
	classes = {
	};
	objectVersion = 46;
	objects = {

/* Begin PBXBuildFile section */
		DB2E843D1AAD338D0009E321 /* AppDelegate.swift in Sources */ = {isa = PBXBuildFile; fileRef = DB2E843C1AAD338D0009E321 /* AppDelegate.swift */; };
		DB2E84411AAD338D0009E321 /* GameScene.swift in Sources */ = {isa = PBXBuildFile; fileRef = DB2E84401AAD338D0009E321 /* GameScene.swift */; };
		DB2E84431AAD338D0009E321 /* GameViewController.swift in Sources */ = {isa = PBXBuildFile; fileRef = DB2E84421AAD338D0009E321 /* GameViewController.swift */; };
		DB2E84481AAD338D0009E321 /* Images.xcassets in Resources */ = {isa = PBXBuildFile; fileRef = DB2E84471AAD338D0009E321 /* Images.xcassets */; };
		DB4028781ABCA9C600263C3D /* Configs.swift in Sources */ = {isa = PBXBuildFile; fileRef = DB4028771ABCA9C600263C3D /* Configs.swift */; };
		DB40287A1ABCAEAB00263C3D /* Trace.swift in Sources */ = {isa = PBXBuildFile; fileRef = DB4028791ABCAEAB00263C3D /* Trace.swift */; };
		DB480D111AAE83C7001695E1 /* SKExtensions.swift in Sources */ = {isa = PBXBuildFile; fileRef = DB480D101AAE83C7001695E1 /* SKExtensions.swift */; };
		DB525E771ABDEF5F00959D26 /* digital_7_italic.ttf in Resources */ = {isa = PBXBuildFile; fileRef = DB525E731ABDEF5F00959D26 /* digital_7_italic.ttf */; };
		DB525E781ABDEF5F00959D26 /* digital_7_mono_italic.ttf in Resources */ = {isa = PBXBuildFile; fileRef = DB525E741ABDEF5F00959D26 /* digital_7_mono_italic.ttf */; };
		DB525E791ABDEF5F00959D26 /* digital_7_mono.ttf in Resources */ = {isa = PBXBuildFile; fileRef = DB525E751ABDEF5F00959D26 /* digital_7_mono.ttf */; };
		DB525E7A1ABDEF5F00959D26 /* digital_7.ttf in Resources */ = {isa = PBXBuildFile; fileRef = DB525E761ABDEF5F00959D26 /* digital_7.ttf */; };
		DB525E7F1ABDF19F00959D26 /* Fonts.swift in Sources */ = {isa = PBXBuildFile; fileRef = DB525E7E1ABDF19F00959D26 /* Fonts.swift */; };
		DB525E811ABDF69900959D26 /* MenuView.swift in Sources */ = {isa = PBXBuildFile; fileRef = DB525E801ABDF69900959D26 /* MenuView.swift */; };
		DB525E891ABDF9DB00959D26 /* UIExtensions.swift in Sources */ = {isa = PBXBuildFile; fileRef = DB525E881ABDF9DB00959D26 /* UIExtensions.swift */; };
		DB525E8B1ABDF9F600959D26 /* Extensions.swift in Sources */ = {isa = PBXBuildFile; fileRef = DB525E8A1ABDF9F600959D26 /* Extensions.swift */; };
		DB525E8D1ABDFAC300959D26 /* UICustomDevice.swift in Sources */ = {isa = PBXBuildFile; fileRef = DB525E8C1ABDFAC300959D26 /* UICustomDevice.swift */; };
		DB525E8F1ABE015D00959D26 /* Animation.swift in Sources */ = {isa = PBXBuildFile; fileRef = DB525E8E1ABE015D00959D26 /* Animation.swift */; };
		DB54AA181AB7F63D00E57FF5 /* Utils.swift in Sources */ = {isa = PBXBuildFile; fileRef = DB54AA171AB7F63D00E57FF5 /* Utils.swift */; };
		DB6FF61E1ABD272700F7B073 /* Main.storyboard in Resources */ = {isa = PBXBuildFile; fileRef = DB6FF61C1ABD272700F7B073 /* Main.storyboard */; };
		DBB20A491ABE2E590050AA36 /* DataProvider.swift in Sources */ = {isa = PBXBuildFile; fileRef = DBB20A481ABE2E590050AA36 /* DataProvider.swift */; };
		DBB20A4B1ABE3D1C0050AA36 /* GameStatusView.swift in Sources */ = {isa = PBXBuildFile; fileRef = DBB20A4A1ABE3D1C0050AA36 /* GameStatusView.swift */; };
		DBB20A4D1ABE5BA20050AA36 /* GameKit.framework in Frameworks */ = {isa = PBXBuildFile; fileRef = DBB20A4C1ABE5BA20050AA36 /* GameKit.framework */; };
		DBB20A501ABE5D900050AA36 /* GameCenterController.swift in Sources */ = {isa = PBXBuildFile; fileRef = DBB20A4F1ABE5D900050AA36 /* GameCenterController.swift */; };
/* End PBXBuildFile section */

/* Begin PBXFileReference section */
		DB2E84371AAD338D0009E321 /* Car Racing.app */ = {isa = PBXFileReference; explicitFileType = wrapper.application; includeInIndex = 0; path = "Car Racing.app"; sourceTree = BUILT_PRODUCTS_DIR; };
		DB2E843B1AAD338D0009E321 /* Info.plist */ = {isa = PBXFileReference; lastKnownFileType = text.plist.xml; path = Info.plist; sourceTree = "<group>"; };
		DB2E843C1AAD338D0009E321 /* AppDelegate.swift */ = {isa = PBXFileReference; lastKnownFileType = sourcecode.swift; path = AppDelegate.swift; sourceTree = "<group>"; };
		DB2E84401AAD338D0009E321 /* GameScene.swift */ = {isa = PBXFileReference; lastKnownFileType = sourcecode.swift; path = GameScene.swift; sourceTree = "<group>"; };
		DB2E84421AAD338D0009E321 /* GameViewController.swift */ = {isa = PBXFileReference; lastKnownFileType = sourcecode.swift; path = GameViewController.swift; sourceTree = "<group>"; };
		DB2E84471AAD338D0009E321 /* Images.xcassets */ = {isa = PBXFileReference; lastKnownFileType = folder.assetcatalog; path = Images.xcassets; sourceTree = "<group>"; };
		DB2E84551AAD338E0009E321 /* Info.plist */ = {isa = PBXFileReference; lastKnownFileType = text.plist.xml; path = Info.plist; sourceTree = "<group>"; };
		DB2E84561AAD338E0009E321 /* Car_Racing_ChallengeTests.swift */ = {isa = PBXFileReference; lastKnownFileType = sourcecode.swift; path = Car_Racing_ChallengeTests.swift; sourceTree = "<group>"; };
		DB4028771ABCA9C600263C3D /* Configs.swift */ = {isa = PBXFileReference; fileEncoding = 4; lastKnownFileType = sourcecode.swift; path = Configs.swift; sourceTree = "<group>"; };
		DB4028791ABCAEAB00263C3D /* Trace.swift */ = {isa = PBXFileReference; fileEncoding = 4; lastKnownFileType = sourcecode.swift; path = Trace.swift; sourceTree = "<group>"; };
		DB480D101AAE83C7001695E1 /* SKExtensions.swift */ = {isa = PBXFileReference; fileEncoding = 4; lastKnownFileType = sourcecode.swift; path = SKExtensions.swift; sourceTree = "<group>"; };
		DB525E731ABDEF5F00959D26 /* digital_7_italic.ttf */ = {isa = PBXFileReference; lastKnownFileType = file; name = digital_7_italic.ttf; path = Fonts/digital_7_italic.ttf; sourceTree = "<group>"; };
		DB525E741ABDEF5F00959D26 /* digital_7_mono_italic.ttf */ = {isa = PBXFileReference; lastKnownFileType = file; name = digital_7_mono_italic.ttf; path = Fonts/digital_7_mono_italic.ttf; sourceTree = "<group>"; };
		DB525E751ABDEF5F00959D26 /* digital_7_mono.ttf */ = {isa = PBXFileReference; lastKnownFileType = file; name = digital_7_mono.ttf; path = Fonts/digital_7_mono.ttf; sourceTree = "<group>"; };
		DB525E761ABDEF5F00959D26 /* digital_7.ttf */ = {isa = PBXFileReference; lastKnownFileType = file; name = digital_7.ttf; path = Fonts/digital_7.ttf; sourceTree = "<group>"; };
		DB525E7E1ABDF19F00959D26 /* Fonts.swift */ = {isa = PBXFileReference; fileEncoding = 4; lastKnownFileType = sourcecode.swift; name = Fonts.swift; path = Fonts/Fonts.swift; sourceTree = "<group>"; };
		DB525E801ABDF69900959D26 /* MenuView.swift */ = {isa = PBXFileReference; fileEncoding = 4; lastKnownFileType = sourcecode.swift; path = MenuView.swift; sourceTree = "<group>"; };
		DB525E881ABDF9DB00959D26 /* UIExtensions.swift */ = {isa = PBXFileReference; fileEncoding = 4; lastKnownFileType = sourcecode.swift; path = UIExtensions.swift; sourceTree = "<group>"; };
		DB525E8A1ABDF9F600959D26 /* Extensions.swift */ = {isa = PBXFileReference; fileEncoding = 4; lastKnownFileType = sourcecode.swift; path = Extensions.swift; sourceTree = "<group>"; };
		DB525E8C1ABDFAC300959D26 /* UICustomDevice.swift */ = {isa = PBXFileReference; fileEncoding = 4; lastKnownFileType = sourcecode.swift; path = UICustomDevice.swift; sourceTree = "<group>"; };
		DB525E8E1ABE015D00959D26 /* Animation.swift */ = {isa = PBXFileReference; fileEncoding = 4; lastKnownFileType = sourcecode.swift; path = Animation.swift; sourceTree = "<group>"; };
		DB54AA171AB7F63D00E57FF5 /* Utils.swift */ = {isa = PBXFileReference; fileEncoding = 4; lastKnownFileType = sourcecode.swift; path = Utils.swift; sourceTree = "<group>"; };
		DB6FF61D1ABD272700F7B073 /* Base */ = {isa = PBXFileReference; lastKnownFileType = file.storyboard; name = Base; path = Base.lproj/Main.storyboard; sourceTree = "<group>"; };
		DBB20A481ABE2E590050AA36 /* DataProvider.swift */ = {isa = PBXFileReference; fileEncoding = 4; lastKnownFileType = sourcecode.swift; path = DataProvider.swift; sourceTree = "<group>"; };
		DBB20A4A1ABE3D1C0050AA36 /* GameStatusView.swift */ = {isa = PBXFileReference; fileEncoding = 4; lastKnownFileType = sourcecode.swift; path = GameStatusView.swift; sourceTree = "<group>"; };
		DBB20A4C1ABE5BA20050AA36 /* GameKit.framework */ = {isa = PBXFileReference; lastKnownFileType = wrapper.framework; name = GameKit.framework; path = System/Library/Frameworks/GameKit.framework; sourceTree = SDKROOT; };
		DBB20A4E1ABE5C060050AA36 /* Car Racing Challenge.entitlements */ = {isa = PBXFileReference; lastKnownFileType = text.xml; path = "Car Racing Challenge.entitlements"; sourceTree = "<group>"; };
		DBB20A4F1ABE5D900050AA36 /* GameCenterController.swift */ = {isa = PBXFileReference; fileEncoding = 4; lastKnownFileType = sourcecode.swift; path = GameCenterController.swift; sourceTree = "<group>"; };
/* End PBXFileReference section */

/* Begin PBXFrameworksBuildPhase section */
		DB2E84341AAD338D0009E321 /* Frameworks */ = {
			isa = PBXFrameworksBuildPhase;
			buildActionMask = 2147483647;
			files = (
				DBB20A4D1ABE5BA20050AA36 /* GameKit.framework in Frameworks */,
			);
			runOnlyForDeploymentPostprocessing = 0;
		};
/* End PBXFrameworksBuildPhase section */

/* Begin PBXGroup section */
		DB2E842E1AAD338D0009E321 = {
			isa = PBXGroup;
			children = (
				DBB20A4C1ABE5BA20050AA36 /* GameKit.framework */,
				DB480D0F1AAE83C7001695E1 /* Extensions */,
				DB2E84391AAD338D0009E321 /* Car Racing Challenge */,
				DB2E84531AAD338E0009E321 /* Car Racing ChallengeTests */,
				DB2E84381AAD338D0009E321 /* Products */,
			);
			sourceTree = "<group>";
		};
		DB2E84381AAD338D0009E321 /* Products */ = {
			isa = PBXGroup;
			children = (
				DB2E84371AAD338D0009E321 /* Car Racing.app */,
			);
			name = Products;
			sourceTree = "<group>";
		};
		DB2E84391AAD338D0009E321 /* Car Racing Challenge */ = {
			isa = PBXGroup;
			children = (
				DBB20A4E1ABE5C060050AA36 /* Car Racing Challenge.entitlements */,
				DB6FF61C1ABD272700F7B073 /* Main.storyboard */,
				DB2E843C1AAD338D0009E321 /* AppDelegate.swift */,
				DB2E84401AAD338D0009E321 /* GameScene.swift */,
				DB2E84421AAD338D0009E321 /* GameViewController.swift */,
				DB525E801ABDF69900959D26 /* MenuView.swift */,
				DBB20A4A1ABE3D1C0050AA36 /* GameStatusView.swift */,
				DB2E84471AAD338D0009E321 /* Images.xcassets */,
				DB525E721ABDEF5500959D26 /* Fonts */,
				DB525E7B1ABDEFDC00959D26 /* Constants */,
				DB2E843A1AAD338D0009E321 /* Supporting Files */,
			);
			path = "Car Racing Challenge";
			sourceTree = "<group>";
		};
		DB2E843A1AAD338D0009E321 /* Supporting Files */ = {
			isa = PBXGroup;
			children = (
				DB2E843B1AAD338D0009E321 /* Info.plist */,
			);
			name = "Supporting Files";
			sourceTree = "<group>";
		};
		DB2E84531AAD338E0009E321 /* Car Racing ChallengeTests */ = {
			isa = PBXGroup;
			children = (
				DB2E84561AAD338E0009E321 /* Car_Racing_ChallengeTests.swift */,
				DB2E84541AAD338E0009E321 /* Supporting Files */,
			);
			path = "Car Racing ChallengeTests";
			sourceTree = "<group>";
		};
		DB2E84541AAD338E0009E321 /* Supporting Files */ = {
			isa = PBXGroup;
			children = (
				DB2E84551AAD338E0009E321 /* Info.plist */,
			);
			name = "Supporting Files";
			sourceTree = "<group>";
		};
		DB480D0F1AAE83C7001695E1 /* Extensions */ = {
			isa = PBXGroup;
			children = (
				DBB20A481ABE2E590050AA36 /* DataProvider.swift */,
				DB525E8A1ABDF9F600959D26 /* Extensions.swift */,
				DB480D101AAE83C7001695E1 /* SKExtensions.swift */,
				DB525E881ABDF9DB00959D26 /* UIExtensions.swift */,
				DB525E8C1ABDFAC300959D26 /* UICustomDevice.swift */,
				DB54AA171AB7F63D00E57FF5 /* Utils.swift */,
				DB4028771ABCA9C600263C3D /* Configs.swift */,
				DB4028791ABCAEAB00263C3D /* Trace.swift */,
				DB525E8E1ABE015D00959D26 /* Animation.swift */,
				DBB20A4F1ABE5D900050AA36 /* GameCenterController.swift */,
			);
			name = Extensions;
			path = "Car Racing Challenge/Extensions";
			sourceTree = "<group>";
		};
		DB525E721ABDEF5500959D26 /* Fonts */ = {
			isa = PBXGroup;
			children = (
				DB525E7E1ABDF19F00959D26 /* Fonts.swift */,
				DB525E731ABDEF5F00959D26 /* digital_7_italic.ttf */,
				DB525E741ABDEF5F00959D26 /* digital_7_mono_italic.ttf */,
				DB525E751ABDEF5F00959D26 /* digital_7_mono.ttf */,
				DB525E761ABDEF5F00959D26 /* digital_7.ttf */,
			);
			name = Fonts;
			sourceTree = "<group>";
		};
		DB525E7B1ABDEFDC00959D26 /* Constants */ = {
			isa = PBXGroup;
			children = (
			);
			name = Constants;
			path = ..;
			sourceTree = "<group>";
		};
/* End PBXGroup section */

/* Begin PBXNativeTarget section */
		DB2E84361AAD338D0009E321 /* Car Racing Challenge */ = {
			isa = PBXNativeTarget;
			buildConfigurationList = DB2E845A1AAD338E0009E321 /* Build configuration list for PBXNativeTarget "Car Racing Challenge" */;
			buildPhases = (
				DB2E84331AAD338D0009E321 /* Sources */,
				DB2E84341AAD338D0009E321 /* Frameworks */,
				DB2E84351AAD338D0009E321 /* Resources */,
				DB23FD441AC0913F00A2C202 /* ShellScript */,
			);
			buildRules = (
			);
			dependencies = (
			);
			name = "Car Racing Challenge";
			productName = "Car Racing Chellenge";
			productReference = DB2E84371AAD338D0009E321 /* Car Racing.app */;
			productType = "com.apple.product-type.application";
		};
/* End PBXNativeTarget section */

/* Begin PBXProject section */
		DB2E842F1AAD338D0009E321 /* Project object */ = {
			isa = PBXProject;
			attributes = {
				LastUpgradeCheck = 0610;
				ORGANIZATIONNAME = "Alex Ongarato";
				TargetAttributes = {
					DB2E84361AAD338D0009E321 = {
						CreatedOnToolsVersion = 6.1.1;
						DevelopmentTeam = 85HJEQ8RZV;
						SystemCapabilities = {
							com.apple.GameCenter = {
								enabled = 1;
							};
							com.apple.iCloud = {
								enabled = 0;
							};
						};
					};
				};
			};
			buildConfigurationList = DB2E84321AAD338D0009E321 /* Build configuration list for PBXProject "Car Racing Challenge" */;
			compatibilityVersion = "Xcode 3.2";
			developmentRegion = English;
			hasScannedForEncodings = 0;
			knownRegions = (
				en,
				Base,
			);
			mainGroup = DB2E842E1AAD338D0009E321;
			productRefGroup = DB2E84381AAD338D0009E321 /* Products */;
			projectDirPath = "";
			projectRoot = "";
			targets = (
				DB2E84361AAD338D0009E321 /* Car Racing Challenge */,
			);
		};
/* End PBXProject section */

/* Begin PBXResourcesBuildPhase section */
		DB2E84351AAD338D0009E321 /* Resources */ = {
			isa = PBXResourcesBuildPhase;
			buildActionMask = 2147483647;
			files = (
				DB2E84481AAD338D0009E321 /* Images.xcassets in Resources */,
				DB525E7A1ABDEF5F00959D26 /* digital_7.ttf in Resources */,
				DB525E791ABDEF5F00959D26 /* digital_7_mono.ttf in Resources */,
				DB525E771ABDEF5F00959D26 /* digital_7_italic.ttf in Resources */,
				DB525E781ABDEF5F00959D26 /* digital_7_mono_italic.ttf in Resources */,
				DB6FF61E1ABD272700F7B073 /* Main.storyboard in Resources */,
			);
			runOnlyForDeploymentPostprocessing = 0;
		};
/* End PBXResourcesBuildPhase section */

/* Begin PBXShellScriptBuildPhase section */
		DB23FD441AC0913F00A2C202 /* ShellScript */ = {
			isa = PBXShellScriptBuildPhase;
			buildActionMask = 2147483647;
			files = (
			);
			inputPaths = (
			);
			outputPaths = (
			);
			runOnlyForDeploymentPostprocessing = 0;
			shellPath = /bin/bash;
			shellScript = "#!/bin/bash\nbuildNumber=$(/usr/libexec/PlistBuddy -c \"Print CFBundleVersion\" \"$INFOPLIST_FILE\")\nbuildNumber=$(($buildNumber + 1))\n/usr/libexec/PlistBuddy -c \"Set :CFBundleVersion $buildNumber\" \"$INFOPLIST_FILE\"";
		};
/* End PBXShellScriptBuildPhase section */

/* Begin PBXSourcesBuildPhase section */
		DB2E84331AAD338D0009E321 /* Sources */ = {
			isa = PBXSourcesBuildPhase;
			buildActionMask = 2147483647;
			files = (
				DBB20A4B1ABE3D1C0050AA36 /* GameStatusView.swift in Sources */,
				DB525E8D1ABDFAC300959D26 /* UICustomDevice.swift in Sources */,
				DB525E7F1ABDF19F00959D26 /* Fonts.swift in Sources */,
				DBB20A491ABE2E590050AA36 /* DataProvider.swift in Sources */,
				DBB20A501ABE5D900050AA36 /* GameCenterController.swift in Sources */,
				DB54AA181AB7F63D00E57FF5 /* Utils.swift in Sources */,
				DB525E891ABDF9DB00959D26 /* UIExtensions.swift in Sources */,
				DB2E84411AAD338D0009E321 /* GameScene.swift in Sources */,
				DB2E84431AAD338D0009E321 /* GameViewController.swift in Sources */,
				DB2E843D1AAD338D0009E321 /* AppDelegate.swift in Sources */,
				DB40287A1ABCAEAB00263C3D /* Trace.swift in Sources */,
				DB525E8B1ABDF9F600959D26 /* Extensions.swift in Sources */,
				DB525E811ABDF69900959D26 /* MenuView.swift in Sources */,
				DB480D111AAE83C7001695E1 /* SKExtensions.swift in Sources */,
				DB525E8F1ABE015D00959D26 /* Animation.swift in Sources */,
				DB4028781ABCA9C600263C3D /* Configs.swift in Sources */,
			);
			runOnlyForDeploymentPostprocessing = 0;
		};
/* End PBXSourcesBuildPhase section */

/* Begin PBXVariantGroup section */
		DB6FF61C1ABD272700F7B073 /* Main.storyboard */ = {
			isa = PBXVariantGroup;
			children = (
				DB6FF61D1ABD272700F7B073 /* Base */,
			);
			name = Main.storyboard;
			sourceTree = "<group>";
		};
/* End PBXVariantGroup section */

/* Begin XCBuildConfiguration section */
		DB2E84581AAD338E0009E321 /* Debug */ = {
			isa = XCBuildConfiguration;
			buildSettings = {
				ALWAYS_SEARCH_USER_PATHS = NO;
				CLANG_CXX_LANGUAGE_STANDARD = "gnu++0x";
				CLANG_CXX_LIBRARY = "libc++";
				CLANG_ENABLE_MODULES = YES;
				CLANG_ENABLE_OBJC_ARC = YES;
				CLANG_WARN_BOOL_CONVERSION = YES;
				CLANG_WARN_CONSTANT_CONVERSION = YES;
				CLANG_WARN_DIRECT_OBJC_ISA_USAGE = YES_ERROR;
				CLANG_WARN_EMPTY_BODY = YES;
				CLANG_WARN_ENUM_CONVERSION = YES;
				CLANG_WARN_INT_CONVERSION = YES;
				CLANG_WARN_OBJC_ROOT_CLASS = YES_ERROR;
				CLANG_WARN_UNREACHABLE_CODE = YES;
				CLANG_WARN__DUPLICATE_METHOD_MATCH = YES;
				"CODE_SIGN_IDENTITY[sdk=iphoneos*]" = "iPhone Developer";
				COPY_PHASE_STRIP = NO;
				ENABLE_STRICT_OBJC_MSGSEND = YES;
				GCC_C_LANGUAGE_STANDARD = gnu99;
				GCC_DYNAMIC_NO_PIC = NO;
				GCC_OPTIMIZATION_LEVEL = 0;
				GCC_PREPROCESSOR_DEFINITIONS = (
					"DEBUG=1",
					"$(inherited)",
				);
				GCC_SYMBOLS_PRIVATE_EXTERN = NO;
				GCC_WARN_64_TO_32_BIT_CONVERSION = YES;
				GCC_WARN_ABOUT_RETURN_TYPE = YES_ERROR;
				GCC_WARN_UNDECLARED_SELECTOR = YES;
				GCC_WARN_UNINITIALIZED_AUTOS = YES_AGGRESSIVE;
				GCC_WARN_UNUSED_FUNCTION = YES;
				GCC_WARN_UNUSED_VARIABLE = YES;
				IPHONEOS_DEPLOYMENT_TARGET = 7.0;
				MTL_ENABLE_DEBUG_INFO = YES;
				ONLY_ACTIVE_ARCH = YES;
				SDKROOT = iphoneos;
				SWIFT_OPTIMIZATION_LEVEL = "-Onone";
				TARGETED_DEVICE_FAMILY = "1,2";
			};
			name = Debug;
		};
		DB2E84591AAD338E0009E321 /* Release */ = {
			isa = XCBuildConfiguration;
			buildSettings = {
				ALWAYS_SEARCH_USER_PATHS = NO;
				CLANG_CXX_LANGUAGE_STANDARD = "gnu++0x";
				CLANG_CXX_LIBRARY = "libc++";
				CLANG_ENABLE_MODULES = YES;
				CLANG_ENABLE_OBJC_ARC = YES;
				CLANG_WARN_BOOL_CONVERSION = YES;
				CLANG_WARN_CONSTANT_CONVERSION = YES;
				CLANG_WARN_DIRECT_OBJC_ISA_USAGE = YES_ERROR;
				CLANG_WARN_EMPTY_BODY = YES;
				CLANG_WARN_ENUM_CONVERSION = YES;
				CLANG_WARN_INT_CONVERSION = YES;
				CLANG_WARN_OBJC_ROOT_CLASS = YES_ERROR;
				CLANG_WARN_UNREACHABLE_CODE = YES;
				CLANG_WARN__DUPLICATE_METHOD_MATCH = YES;
				"CODE_SIGN_IDENTITY[sdk=iphoneos*]" = "iPhone Developer";
				COPY_PHASE_STRIP = YES;
				ENABLE_NS_ASSERTIONS = NO;
				ENABLE_STRICT_OBJC_MSGSEND = YES;
				GCC_C_LANGUAGE_STANDARD = gnu99;
				GCC_WARN_64_TO_32_BIT_CONVERSION = YES;
				GCC_WARN_ABOUT_RETURN_TYPE = YES_ERROR;
				GCC_WARN_UNDECLARED_SELECTOR = YES;
				GCC_WARN_UNINITIALIZED_AUTOS = YES_AGGRESSIVE;
				GCC_WARN_UNUSED_FUNCTION = YES;
				GCC_WARN_UNUSED_VARIABLE = YES;
				IPHONEOS_DEPLOYMENT_TARGET = 7.0;
				MTL_ENABLE_DEBUG_INFO = NO;
				SDKROOT = iphoneos;
				TARGETED_DEVICE_FAMILY = "1,2";
				VALIDATE_PRODUCT = YES;
			};
			name = Release;
		};
		DB2E845B1AAD338E0009E321 /* Debug */ = {
			isa = XCBuildConfiguration;
			buildSettings = {
				ASSETCATALOG_COMPILER_APPICON_NAME = AppIcon;
				ASSETCATALOG_COMPILER_LAUNCHIMAGE_NAME = LaunchImage;
				CLANG_ENABLE_MODULES = YES;
				CODE_SIGN_IDENTITY = "iPhone Developer";
				"CODE_SIGN_IDENTITY[sdk=iphoneos*]" = "iPhone Developer";
				GCC_PREPROCESSOR_DEFINITIONS = "$(inherited)";
				INFOPLIST_FILE = "Car Racing Challenge/Info.plist";
				IPHONEOS_DEPLOYMENT_TARGET = 7.0;
				LD_RUNPATH_SEARCH_PATHS = "$(inherited) @executable_path/Frameworks";
				PRODUCT_NAME = "Car Racing";
				PROVISIONING_PROFILE = "";
				SWIFT_INSTALL_OBJC_HEADER = NO;
				SWIFT_OPTIMIZATION_LEVEL = "-Onone";
				TARGETED_DEVICE_FAMILY = "1,2";
			};
			name = Debug;
		};
		DB2E845C1AAD338E0009E321 /* Release */ = {
			isa = XCBuildConfiguration;
			buildSettings = {
				ASSETCATALOG_COMPILER_APPICON_NAME = AppIcon;
				ASSETCATALOG_COMPILER_LAUNCHIMAGE_NAME = LaunchImage;
				CLANG_ENABLE_MODULES = YES;
				CODE_SIGN_IDENTITY = "iPhone Developer";
				"CODE_SIGN_IDENTITY[sdk=iphoneos*]" = "iPhone Developer";
				GCC_PREPROCESSOR_DEFINITIONS = "";
				INFOPLIST_FILE = "Car Racing Challenge/Info.plist";
				IPHONEOS_DEPLOYMENT_TARGET = 7.0;
				LD_RUNPATH_SEARCH_PATHS = "$(inherited) @executable_path/Frameworks";
				PRODUCT_NAME = "Car Racing";
				PROVISIONING_PROFILE = "";
				SWIFT_INSTALL_OBJC_HEADER = NO;
				TARGETED_DEVICE_FAMILY = "1,2";
			};
			name = Release;
		};
/* End XCBuildConfiguration section */

/* Begin XCConfigurationList section */
		DB2E84321AAD338D0009E321 /* Build configuration list for PBXProject "Car Racing Challenge" */ = {
			isa = XCConfigurationList;
			buildConfigurations = (
				DB2E84581AAD338E0009E321 /* Debug */,
				DB2E84591AAD338E0009E321 /* Release */,
			);
			defaultConfigurationIsVisible = 0;
			defaultConfigurationName = Release;
		};
		DB2E845A1AAD338E0009E321 /* Build configuration list for PBXNativeTarget "Car Racing Challenge" */ = {
			isa = XCConfigurationList;
			buildConfigurations = (
				DB2E845B1AAD338E0009E321 /* Debug */,
				DB2E845C1AAD338E0009E321 /* Release */,
			);
			defaultConfigurationIsVisible = 0;
			defaultConfigurationName = Release;
		};
/* End XCConfigurationList section */
	};
	rootObject = DB2E842F1AAD338D0009E321 /* Project object */;
}
